
Microsoft Visual Studio Solution File, Format Version 12.00
# Visual Studio 15
VisualStudioVersion = 15.0.27130.2026
MinimumVisualStudioVersion = 10.0.40219.1
Project("{FAE04EC0-301F-11D3-BF4B-00C04F79EFBC}") = "Data", "Data\Data.csproj", "{9B1B1E9D-7AA9-408C-B5EF-67C3459F1123}"
EndProject
Project("{FAE04EC0-301F-11D3-BF4B-00C04F79EFBC}") = "Domain", "Domain\Domain.csproj", "{62C1388E-84A4-458A-B1D7-1FE390FAEBE5}"
EndProject
Project("{FAE04EC0-301F-11D3-BF4B-00C04F79EFBC}") = "Service", "Service\Service.csproj", "{594B2826-150E-43CD-8E76-964F831684DB}"
EndProject
Project("{FAE04EC0-301F-11D3-BF4B-00C04F79EFBC}") = "ServicePattern", "ServicePattern\ServicePattern.csproj", "{6314BC30-ADC8-4129-ACE9-2E1F638CD851}"
EndProject
Project("{FAE04EC0-301F-11D3-BF4B-00C04F79EFBC}") = "ASP", "ASP\ASP.csproj", "{82466A9D-8C2C-4324-ADE5-0CB7ACADF98F}"
EndProject
Project("{FAE04EC0-301F-11D3-BF4B-00C04F79EFBC}") = "Web", "Web\Web.csproj", "{6BDD09D8-393E-4C99-BA23-2B9FA2F2407A}"
EndProject
Global
	GlobalSection(SolutionConfigurationPlatforms) = preSolution
		Debug|Any CPU = Debug|Any CPU
		Release|Any CPU = Release|Any CPU
	EndGlobalSection
	GlobalSection(ProjectConfigurationPlatforms) = postSolution
		{9B1B1E9D-7AA9-408C-B5EF-67C3459F1123}.Debug|Any CPU.ActiveCfg = Debug|Any CPU
		{9B1B1E9D-7AA9-408C-B5EF-67C3459F1123}.Debug|Any CPU.Build.0 = Debug|Any CPU
		{9B1B1E9D-7AA9-408C-B5EF-67C3459F1123}.Release|Any CPU.ActiveCfg = Release|Any CPU
		{9B1B1E9D-7AA9-408C-B5EF-67C3459F1123}.Release|Any CPU.Build.0 = Release|Any CPU
		{62C1388E-84A4-458A-B1D7-1FE390FAEBE5}.Debug|Any CPU.ActiveCfg = Debug|Any CPU
		{62C1388E-84A4-458A-B1D7-1FE390FAEBE5}.Debug|Any CPU.Build.0 = Debug|Any CPU
		{62C1388E-84A4-458A-B1D7-1FE390FAEBE5}.Release|Any CPU.ActiveCfg = Release|Any CPU
		{62C1388E-84A4-458A-B1D7-1FE390FAEBE5}.Release|Any CPU.Build.0 = Release|Any CPU
		{594B2826-150E-43CD-8E76-964F831684DB}.Debug|Any CPU.ActiveCfg = Debug|Any CPU
		{594B2826-150E-43CD-8E76-964F831684DB}.Debug|Any CPU.Build.0 = Debug|Any CPU
		{594B2826-150E-43CD-8E76-964F831684DB}.Release|Any CPU.ActiveCfg = Release|Any CPU
		{594B2826-150E-43CD-8E76-964F831684DB}.Release|Any CPU.Build.0 = Release|Any CPU
		{6314BC30-ADC8-4129-ACE9-2E1F638CD851}.Debug|Any CPU.ActiveCfg = Debug|Any CPU
		{6314BC30-ADC8-4129-ACE9-2E1F638CD851}.Debug|Any CPU.Build.0 = Debug|Any CPU
		{6314BC30-ADC8-4129-ACE9-2E1F638CD851}.Release|Any CPU.ActiveCfg = Release|Any CPU
		{6314BC30-ADC8-4129-ACE9-2E1F638CD851}.Release|Any CPU.Build.0 = Release|Any CPU
		{82466A9D-8C2C-4324-ADE5-0CB7ACADF98F}.Debug|Any CPU.ActiveCfg = Debug|Any CPU
		{82466A9D-8C2C-4324-ADE5-0CB7ACADF98F}.Debug|Any CPU.Build.0 = Debug|Any CPU
		{82466A9D-8C2C-4324-ADE5-0CB7ACADF98F}.Release|Any CPU.ActiveCfg = Release|Any CPU
		{82466A9D-8C2C-4324-ADE5-0CB7ACADF98F}.Release|Any CPU.Build.0 = Release|Any CPU
		{6BDD09D8-393E-4C99-BA23-2B9FA2F2407A}.Debug|Any CPU.ActiveCfg = Debug|Any CPU
		{6BDD09D8-393E-4C99-BA23-2B9FA2F2407A}.Debug|Any CPU.Build.0 = Debug|Any CPU
		{6BDD09D8-393E-4C99-BA23-2B9FA2F2407A}.Release|Any CPU.ActiveCfg = Release|Any CPU
		{6BDD09D8-393E-4C99-BA23-2B9FA2F2407A}.Release|Any CPU.Build.0 = Release|Any CPU
	EndGlobalSection
	GlobalSection(SolutionProperties) = preSolution
		HideSolutionNode = FALSE
	EndGlobalSection
	GlobalSection(ExtensibilityGlobals) = postSolution
		SolutionGuid = {7B491A53-8D08-49A0-A18F-1B7840551350}
	EndGlobalSection
EndGlobal
